github.com/belfinor/chash v1.0.0 h1:q0DmmQEvZdkqaPEFcREWxx4WND98kseKTmRb+/pfp7I=
github.com/belfinor/chash v1.0.0/go.mod h1:Q0Hg0TpTNB5LLKnvKp7sP82T4HZCxm1pgCQ0+vDN5UY=
github.com/belfinor/kvstring v1.0.0 h1:M0b5IVTSm3+cKZuU6ySUW+hR+nAEizS0uGFUewmSK5o=
github.com/belfinor/kvstring v1.0.0/go.mod h1:O+5roAfl1rmj8KkYu0yWlzcKL+M91Ahersh1pnIEKKw=
